# THIS IS AN AUTOGENERATED FILE. DO NOT EDIT THIS FILE DIRECTLY.
# yarn lockfile v1


"@fastify/otel@0.18.0":
  version "0.18.0"
  resolved "https://registry.yarnpkg.com/@fastify/otel/-/otel-0.18.0.tgz#d21814af7c97579856698e03aae0581beb3e734b"
  integrity sha512-3TASCATfw+ctICSb4ymrv7iCm0qJ0N9CarB+CZ7zIJ7KqNbwI5JjyDL1/sxoC0ccTO1Zyd1iQ+oqncPg5FJXaA==
  dependencies:
    "@opentelemetry/core" "^2.0.0"
    "@opentelemetry/instrumentation" "^0.212.0"
    "@opentelemetry/semantic-conventions" "^1.28.0"
    minimatch "^10.2.4"

"@opentelemetry/api-logs@0.207.0":
  version "0.207.0"
  resolved "https://registry.yarnpkg.com/@opentelemetry/api-logs/-/api-logs-0.207.0.tgz#ae991c51eedda55af037a3e6fc1ebdb12b289f49"
  integrity sha512-lAb0jQRVyleQQGiuuvCOTDVspc14nx6XJjP4FspJ1sNARo3Regq4ZZbrc3rN4b1TYSuUCvgH+UXUPug4SLOqEQ==
  dependencies:
    "@opentelemetry/api" "^1.3.0"

"@opentelemetry/api-logs@0.212.0":
  version "0.212.0"
  resolved "https://registry.yarnpkg.com/@opentelemetry/api-logs/-/api-logs-0.212.0.tgz#ec66a0951b84b1f082e13fd8a027b9f9d65a3f7a"
  integrity sha512-TEEVrLbNROUkYY51sBJGk7lO/OLjuepch8+hmpM6ffMJQ2z/KVCjdHuCFX6fJj8OkJP2zckPjrJzQtXU3IAsFg==
  dependencies:
    "@opentelemetry/api" "^1.3.0"

"@opentelemetry/api-logs@0.214.0":
  version "0.214.0"
  resolved "https://registry.yarnpkg.com/@opentelemetry/api-logs/-/api-logs-0.214.0.tgz#74a54ad7b166c6fa30a0df811954c0f5a435deee"
  integrity sha512-40lSJeqYO8Uz2Yj7u94/SJWE/wONa7rmMKjI1ZcIjgf3MHNHv1OZUCrCETGuaRF62d5pQD1wKIW+L4lmSMTzZA==
  dependencies:
    "@opentelemetry/api" "^1.3.0"

"@opentelemetry/api@^1.3.0", "@opentelemetry/api@^1.9.1":
  version "1.9.1"
  resolved "https://registry.yarnpkg.com/@opentelemetry/api/-/api-1.9.1.tgz#c1b0346de336ba55af2d5a7970882037baedec05"
  integrity sha512-gLyJlPHPZYdAk1JENA9LeHejZe1Ti77/pTeFm/nMXmQH/HFZlcS/O2XJB+L8fkbrNSqhdtlvjBVjxwUYanNH5Q==

"@opentelemetry/core@2.6.1":
  version "2.6.1"
  resolved "https://registry.yarnpkg.com/@opentelemetry/core/-/core-2.6.1.tgz#a59d22a9ae3be80bb41b280bbbe1fe9fbdb6c2a5"
  integrity sha512-8xHSGWpJP9wBxgBpnqGL0R3PbdWQndL1Qp50qrg71+B28zK5OQmUgcDKLJgzyAAV38t4tOyLMGDD60LneR5W8g==
  dependencies:
    "@opentelemetry/semantic-conventions" "^1.29.0"

"@opentelemetry/core@2.7.0", "@opentelemetry/core@^2.0.0", "@opentelemetry/core@^2.6.1":
  version "2.7.0"
  resolved "https://registry.yarnpkg.com/@opentelemetry/core/-/core-2.7.0.tgz#41ebcd3033f69e48e719266524877f8fef75bc03"
  integrity sha512-DT12SXVwV2eoJrGf4nnsvZojxxeQo+LlNAsoYGRRObPWTeN6APiqZ2+nqDCQDvQX40eLi1AePONS0onoASp3yQ==
  dependencies:
    "@opentelemetry/semantic-conventions" "^1.29.0"

"@opentelemetry/instrumentation-amqplib@0.61.0":
  version "0.61.0"
  resolved "https://registry.yarnpkg.com/@opentelemetry/instrumentation-amqplib/-/instrumentation-amqplib-0.61.0.tgz#e9d52f56dfc4cb8a26837f31c1832af18859f1f2"
  integrity sha512-mCKoyTGfRNisge4br0NpOFSy2Z1NnEW8hbCJdUDdJFHrPqVzc4IIBPA/vX0U+LUcQqrQvJX+HMIU0dbDRe0i0Q==
  dependencies:
    "@opentelemetry/core" "^2.0.0"
    "@opentelemetry/instrumentation" "^0.214.0"
    "@opentelemetry/semantic-conventions" "^1.33.0"

"@opentelemetry/instrumentation-connect@0.57.0":
  version "0.57.0"
  resolved "https://registry.yarnpkg.com/@opentelemetry/instrumentation-connect/-/instrumentation-connect-0.57.0.tgz#66b58af135ef6d52ad546cb440b808a149118296"
  integrity sha512-FMEBChnI4FLN5TE9DHwfH7QpNir1JzXno1uz/TAucVdLCyrG0jTrKIcNHt/i30A0M2AunNBCkcd8Ei26dIPKdg==
  dependencies:
    "@opentelemetry/core" "^2.0.0"
    "@opentelemetry/instrumentation" "^0.214.0"
    "@opentelemetry/semantic-conventions" "^1.27.0"
    "@types/connect" "3.4.38"

"@opentelemetry/instrumentation-dataloader@0.31.0":
  version "0.31.0"
  resolved "https://registry.yarnpkg.com/@opentelemetry/instrumentation-dataloader/-/instrumentation-dataloader-0.31.0.tgz#43bfbe09f99e84eb0d8b6e9f914c2e51a45e6d95"
  integrity sha512-f654tZFQXS5YeLDNb9KySrwtg7SnqZN119FauD7acBoTzuLduaiGTNz88ixcVSOOMGZ+EjJu/RFtx5klObC95g==
  dependencies:
    "@opentelemetry/instrumentation" "^0.214.0"

"@opentelemetry/instrumentation-fs@0.33.0":
  version "0.33.0"
  resolved "https://registry.yarnpkg.com/@opentelemetry/instrumentation-fs/-/instrumentation-fs-0.33.0.tgz#75f2ccf653b772801b398cc2ad0974e8785f2e3d"
  integrity sha512-sCZWXGalQ01wr3tAhSR9ucqFJ0phidpAle6/17HVjD6gN8FLmZMK/8sKxdXYHy3PbnlV1P4zeiSVFNKpbFMNLA==
  dependencies:
    "@opentelemetry/core" "^2.0.0"
    "@opentelemetry/instrumentation" "^0.214.0"

"@opentelemetry/instrumentation-generic-pool@0.57.0":
  version "0.57.0"
  resolved "https://registry.yarnpkg.com/@opentelemetry/instrumentation-generic-pool/-/instrumentation-generic-pool-0.57.0.tgz#4220a2fc1974b40a989171a9b5f3d1eeab92683f"
  integrity sha512-orhmlaK+ZIW9hKU+nHTbXrCSXZcH83AescTqmpamHRobRmYSQwRbD0a1odc0yAzuzOtxYiHiXAnpnIpaSSY7Ow==
  dependencies:
    "@opentelemetry/instrumentation" "^0.214.0"

"@opentelemetry/instrumentation-graphql@0.62.0":
  version "0.62.0"
  resolved "https://registry.yarnpkg.com/@opentelemetry/instrumentation-graphql/-/instrumentation-graphql-0.62.0.tgz#dc2fc92c6be331c4f95b62a40983c8aedb8f9bf9"
  integrity sha512-3YNuLVPUxafXkH1jBAbGsKNsP3XVzcFDhCDCE3OqBwCwShlqQbLMRMFh1T/d5jaVZiGVmSsfof+ICKD2iOV8xg==
  dependencies:
    "@opentelemetry/instrumentation" "^0.214.0"

"@opentelemetry/instrumentation-hapi@0.60.0":
  version "0.60.0"
  resolved "https://registry.yarnpkg.com/@opentelemetry/instrumentation-hapi/-/instrumentation-hapi-0.60.0.tgz#ad1ba65a32347351c310ac0f194fe66b8e9d9e7d"
  integrity sha512-aNljZKYrEa7obLAxd1bCEDxF7kzCLGXTuTJZ8lMR9rIVEjmuKBXN1gfqpm/OB//Zc2zP4iIve1jBp7sr3mQV6w==
  dependencies:
    "@opentelemetry/core" "^2.0.0"
    "@opentelemetry/instrumentation" "^0.214.0"
    "@opentelemetry/semantic-conventions" "^1.27.0"

"@opentelemetry/instrumentation-http@0.214.0":
  version "0.214.0"
  resolved "https://registry.yarnpkg.com/@opentelemetry/instrumentation-http/-/instrumentation-http-0.214.0.tgz#d4a31a638b798e191f4f556c257a4d3c97d65ba0"
  integrity sha512-FlkDhZDRjDJDcO2LcSCtjRpkal1NJ8y0fBqBhTvfAR3JSYY2jAIj1kSS5IjmEBt4c3aWv+u/lqLuoCDrrKCSKg==
  dependencies:
    "@opentelemetry/core" "2.6.1"
    "@opentelemetry/instrumentation" "0.214.0"
    "@opentelemetry/semantic-conventions" "^1.29.0"
    forwarded-parse "2.1.2"

"@opentelemetry/instrumentation-ioredis@0.62.0":
  version "0.62.0"
  resolved "https://registry.yarnpkg.com/@opentelemetry/instrumentation-ioredis/-/instrumentation-ioredis-0.62.0.tgz#4fd1775577132de5d92165caee6bbc0ae16a8c8a"
  integrity sha512-ZYt//zcPve8qklaZX+5Z4MkU7UpEkFRrxsf2cnaKYBitqDnsCN69CPAuuMOX6NYdW2rG9sFy7V/QWtBlP5XiNQ==
  dependencies:
    "@opentelemetry/instrumentation" "^0.214.0"
    "@opentelemetry/redis-common" "^0.38.2"
    "@opentelemetry/semantic-conventions" "^1.33.0"

"@opentelemetry/instrumentation-kafkajs@0.23.0":
  version "0.23.0"
  resolved "https://registry.yarnpkg.com/@opentelemetry/instrumentation-kafkajs/-/instrumentation-kafkajs-0.23.0.tgz#6b7d449d88d674ddc295a0d0cf2156f0f7d5889f"
  integrity sha512-4K+nVo+zI+aDz0Z85SObwbdixIbzS9moIuKJaYsdlzcHYnKOPtB7ya8r8Ezivy/GVIBHiKJVq4tv+BEkgOMLaQ==
  dependencies:
    "@opentelemetry/instrumentation" "^0.214.0"
    "@opentelemetry/semantic-conventions" "^1.30.0"

"@opentelemetry/instrumentation-knex@0.58.0":
  version "0.58.0"
  resolved "https://registry.yarnpkg.com/@opentelemetry/instrumentation-knex/-/instrumentation-knex-0.58.0.tgz#48878fe40bc48834d6b4c4148433c84524a2558a"
  integrity sha512-Hc/o8fSsaWxZ8r1Yw4rNDLwTpUopTf4X32y4W6UhlHmW8Wizz8wfhgOKIelSeqFVTKBBPIDUOsQWuIMxBmu8Bw==
  dependencies:
    "@opentelemetry/instrumentation" "^0.214.0"
    "@opentelemetry/semantic-conventions" "^1.33.1"

"@opentelemetry/instrumentation-koa@0.62.0":
  version "0.62.0"
  resolved "https://registry.yarnpkg.com/@opentelemetry/instrumentation-koa/-/instrumentation-koa-0.62.0.tgz#65fdf96c1b1ffb382167cd3b7a244631afd0cc1f"
  integrity sha512-uVip0VuGUQXZ+vFxkKxAUNq8qNl+VFlyHDh/U6IQ8COOEDfbEchdaHnpFrMYF3psZRUuoSIgb7xOeXj00RdwDA==
  dependencies:
    "@opentelemetry/core" "^2.0.0"
    "@opentelemetry/instrumentation" "^0.214.0"
    "@opentelemetry/semantic-conventions" "^1.36.0"

"@opentelemetry/instrumentation-lru-memoizer@0.58.0":
  version "0.58.0"
  resolved "https://registry.yarnpkg.com/@opentelemetry/instrumentation-lru-memoizer/-/instrumentation-lru-memoizer-0.58.0.tgz#7c730a0cb963e8ac5f3d11023518050e5f124a6a"
  integrity sha512-6grM3TdMyHzlGY1cUA+mwoPueB1F3dYKgKtZIH6jOFXqfHAByyLTc+6PFjGM9tKh52CFBJaDwodNlL/Td39z7Q==
  dependencies:
    "@opentelemetry/instrumentation" "^0.214.0"

"@opentelemetry/instrumentation-mongodb@0.67.0":
  version "0.67.0"
  resolved "https://registry.yarnpkg.com/@opentelemetry/instrumentation-mongodb/-/instrumentation-mongodb-0.67.0.tgz#ac45611586e363e2d96c735d50f97556dd33c37e"
  integrity sha512-1WJp5N1lYfHq2IhECOTewFs5Tf2NfUOwQRqs/rZdXKTezArMlucxgzAaqcgp3A3YREXopXTpXHsxZTGHjNhMdQ==
  dependencies:
    "@opentelemetry/instrumentation" "^0.214.0"
    "@opentelemetry/semantic-conventions" "^1.33.0"

"@opentelemetry/instrumentation-mongoose@0.60.0":
  version "0.60.0"
  resolved "https://registry.yarnpkg.com/@opentelemetry/instrumentation-mongoose/-/instrumentation-mongoose-0.60.0.tgz#9481a90d3f75d66244d7f63709529cb7f2823103"
  integrity sha512-8BahAZpKsOoc+lrZGb7Ofn4g3z8qtp5IxDfvAVpKXsEheQN7ONMH5djT5ihy6yf8yyeQJGS0gXFfpEAEeEHqQg==
  dependencies:
    "@opentelemetry/core" "^2.0.0"
    "@opentelemetry/instrumentation" "^0.214.0"
    "@opentelemetry/semantic-conventions" "^1.33.0"

"@opentelemetry/instrumentation-mysql2@0.60.0":
  version "0.60.0"
  resolved "https://registry.yarnpkg.com/@opentelemetry/instrumentation-mysql2/-/instrumentation-mysql2-0.60.0.tgz#10eddc3f933a80f11e334ae31c67e9d1156373ca"
  integrity sha512-m/5d3bxQALllCzezYDk/6vajh0tj5OijMMvOZGr+qN1NMXm1dzMNwyJ0gNZW7Fo3YFRyj/jJMxIw+W7d525dlw==
  dependencies:
    "@opentelemetry/instrumentation" "^0.214.0"
    "@opentelemetry/semantic-conventions" "^1.33.0"
    "@opentelemetry/sql-common" "^0.41.2"

"@opentelemetry/instrumentation-mysql@0.60.0":
  version "0.60.0"
  resolved "https://registry.yarnpkg.com/@opentelemetry/instrumentation-mysql/-/instrumentation-mysql-0.60.0.tgz#e8e13b60f8d8fe8d0f4941f200ae3e4a4e5e4a3c"
  integrity sha512-08pO8GFPEIz2zquKDGteBZDNmwketdgH8hTe9rVYgW9kCJXq1Psj3wPQGx+VaX4ZJKCfPeoLMYup9+cxHvZyVQ==
  dependencies:
    "@opentelemetry/instrumentation" "^0.214.0"
    "@opentelemetry/semantic-conventions" "^1.33.0"
    "@types/mysql" "2.15.27"

"@opentelemetry/instrumentation-pg@0.66.0":
  version "0.66.0"
  resolved "https://registry.yarnpkg.com/@opentelemetry/instrumentation-pg/-/instrumentation-pg-0.66.0.tgz#78d16b50dc4c5d851015823611a46243d63a88fb"
  integrity sha512-KxfLGXBb7k2ueaPJfq2GXBDXBly8P+SpR/4Mj410hhNgmQF3sCqwXvUBQxZQkDAmsdBAoenM+yV1LhtsMRamcA==
  dependencies:
    "@opentelemetry/core" "^2.0.0"
    "@opentelemetry/instrumentation" "^0.214.0"
    "@opentelemetry/semantic-conventions" "^1.34.0"
    "@opentelemetry/sql-common" "^0.41.2"
    "@types/pg" "8.15.6"
    "@types/pg-pool" "2.0.7"

"@opentelemetry/instrumentation-redis@0.62.0":
  version "0.62.0"
  resolved "https://registry.yarnpkg.com/@opentelemetry/instrumentation-redis/-/instrumentation-redis-0.62.0.tgz#ecde90337fa49fec8d243bcbb8d470ce1a9ee7a1"
  integrity sha512-y3pPpot7WzR/8JtHcYlTYsyY8g+pbFhAqbwAuG5bLPnR6v6pt1rQc0DpH0OlGP/9CZbWBP+Zhwp9yFoygf/ZXQ==
  dependencies:
    "@opentelemetry/instrumentation" "^0.214.0"
    "@opentelemetry/redis-common" "^0.38.2"
    "@opentelemetry/semantic-conventions" "^1.27.0"

"@opentelemetry/instrumentation-tedious@0.33.0":
  version "0.33.0"
  resolved "https://registry.yarnpkg.com/@opentelemetry/instrumentation-tedious/-/instrumentation-tedious-0.33.0.tgz#00f6698f8afae1b350bf0c463a59eeae3c8d25d7"
  integrity sha512-Q6WQwAD01MMTub31GlejoiFACYNw26J426wyjvU7by7fDIr2nZXNW4vhTGs7i7F0TnXBO3xN688g1tdUgYwJ5w==
  dependencies:
    "@opentelemetry/instrumentation" "^0.214.0"
    "@opentelemetry/semantic-conventions" "^1.33.0"
    "@types/tedious" "^4.0.14"

"@opentelemetry/instrumentation-undici@0.24.0":
  version "0.24.0"
  resolved "https://registry.yarnpkg.com/@opentelemetry/instrumentation-undici/-/instrumentation-undici-0.24.0.tgz#6ad41245012742899294edf65aa79fd190369094"
  integrity sha512-oKzZ3uvqP17sV0EsoQcJgjEfIp0kiZRbYu/eD8p13Cbahumf8lb/xpYeNr/hfAJ4owzEtIDcGIjprfLcYbIKBQ==
  dependencies:
    "@opentelemetry/core" "^2.0.0"
    "@opentelemetry/instrumentation" "^0.214.0"
    "@opentelemetry/semantic-conventions" "^1.24.0"

"@opentelemetry/instrumentation@0.214.0", "@opentelemetry/instrumentation@^0.214.0":
  version "0.214.0"
  resolved "https://registry.yarnpkg.com/@opentelemetry/instrumentation/-/instrumentation-0.214.0.tgz#2649e8a29a8c4748bc583d35281c80632f046e25"
  integrity sha512-MHqEX5Dk59cqVah5LiARMACku7jXSVk9iVDWOea4x3cr7VfdByeDCURK6o1lntT1JS/Tsovw01UJrBhN3/uC5w==
  dependencies:
    "@opentelemetry/api-logs" "0.214.0"
    import-in-the-middle "^3.0.0"
    require-in-the-middle "^8.0.0"

"@opentelemetry/instrumentation@^0.207.0":
  version "0.207.0"
  resolved "https://registry.yarnpkg.com/@opentelemetry/instrumentation/-/instrumentation-0.207.0.tgz#1a5a921c04f171ff28096fa320af713f3c87ec14"
  integrity sha512-y6eeli9+TLKnznrR8AZlQMSJT7wILpXH+6EYq5Vf/4Ao+huI7EedxQHwRgVUOMLFbe7VFDvHJrX9/f4lcwnJsA==
  dependencies:
    "@opentelemetry/api-logs" "0.207.0"
    import-in-the-middle "^2.0.0"
    require-in-the-middle "^8.0.0"

"@opentelemetry/instrumentation@^0.212.0":
  version "0.212.0"
  resolved "https://registry.yarnpkg.com/@opentelemetry/instrumentation/-/instrumentation-0.212.0.tgz#238b6e3e2131217ff4acfe7e8e7b6ce1f0ac0ba0"
  integrity sha512-IyXmpNnifNouMOe0I/gX7ENfv2ZCNdYTF0FpCsoBcpbIHzk81Ww9rQTYTnvghszCg7qGrIhNvWC8dhEifgX9Jg==
  dependencies:
    "@opentelemetry/api-logs" "0.212.0"
    import-in-the-middle "^2.0.6"
    require-in-the-middle "^8.0.0"

"@opentelemetry/redis-common@^0.38.2":
  version "0.38.3"
  resolved "https://registry.yarnpkg.com/@opentelemetry/redis-common/-/redis-common-0.38.3.tgz#31a0464a48a991c29408614e3725d94db7c11aee"
  integrity sha512-VCghU1JYs/4gP6Gqf/xro9MEsZ7LrMv2uONVsaESKL38ZOB9BqnI98FfS23wjMnHlpuE+TTaWSoAVNpTwYXzjw==

"@opentelemetry/resources@2.7.0":
  version "2.7.0"
  resolved "https://registry.yarnpkg.com/@opentelemetry/resources/-/resources-2.7.0.tgz#82abff22253c06a73bd392e218645d1ccf197c91"
  integrity sha512-K+oi0hNMv94EpZbnW3eyu2X6SGVpD3O5DhG2NIp65Hc7lhAj9brRXTAVzh3wB82+q3ThakEf7Zd7RsFUqcTc7A==
  dependencies:
    "@opentelemetry/core" "2.7.0"
    "@opentelemetry/semantic-conventions" "^1.29.0"

"@opentelemetry/sdk-trace-base@^2.6.1":
  version "2.7.0"
  resolved "https://registry.yarnpkg.com/@opentelemetry/sdk-trace-base/-/sdk-trace-base-2.7.0.tgz#b2290b43fe9252f85fc37a243852a14bff110a85"
  integrity sha512-Yg9zEXJB50DLVLpsKPk7NmNqlPlS+OvqhJGh0A8oawIOTPOwlm4eXs9BMJV7L79lvEwI+dWtAj+YjTyddV336A==
  dependencies:
    "@opentelemetry/core" "2.7.0"
    "@opentelemetry/resources" "2.7.0"
    "@opentelemetry/semantic-conventions" "^1.29.0"

"@opentelemetry/semantic-conventions@^1.24.0", "@opentelemetry/semantic-conventions@^1.27.0", "@opentelemetry/semantic-conventions@^1.28.0", "@opentelemetry/semantic-conventions@^1.29.0", "@opentelemetry/semantic-conventions@^1.30.0", "@opentelemetry/semantic-conventions@^1.33.0", "@opentelemetry/semantic-conventions@^1.33.1", "@opentelemetry/semantic-conventions@^1.34.0", "@opentelemetry/semantic-conventions@^1.36.0", "@opentelemetry/semantic-conventions@^1.40.0":
  version "1.40.0"
  resolved "https://registry.yarnpkg.com/@opentelemetry/semantic-conventions/-/semantic-conventions-1.40.0.tgz#10b2944ca559386590683392022a897eefd011d3"
  integrity sha512-cifvXDhcqMwwTlTK04GBNeIe7yyo28Mfby85QXFe1Yk8nmi36Ab/5UQwptOx84SsoGNRg+EVSjwzfSZMy6pmlw==

"@opentelemetry/sql-common@^0.41.2":
  version "0.41.2"
  resolved "https://registry.yarnpkg.com/@opentelemetry/sql-common/-/sql-common-0.41.2.tgz#7f4a14166cfd6c9ffe89096db1cc75eaf6443b19"
  integrity sha512-4mhWm3Z8z+i508zQJ7r6Xi7y4mmoJpdvH0fZPFRkWrdp5fq7hhZ2HhYokEOLkfqSMgPR4Z9EyB3DBkbKGOqZiQ==
  dependencies:
    "@opentelemetry/core" "^2.0.0"

"@prisma/instrumentation@7.6.0":
  version "7.6.0"
  resolved "https://registry.yarnpkg.com/@prisma/instrumentation/-/instrumentation-7.6.0.tgz#22a4ea3e9d8cdc57cbaa0e26ccf10cb8db854549"
  integrity sha512-ZPW2gRiwpPzEfgeZgaekhqXrbW+Y2RJKHVqUmlhZhKzRNCcvR6DykzylDrynpArKKRQtLxoZy36fK7U0p3pdgQ==
  dependencies:
    "@opentelemetry/instrumentation" "^0.207.0"

"@sentry/core@10.49.0":
  version "10.49.0"
  resolved "https://registry.yarnpkg.com/@sentry/core/-/core-10.49.0.tgz#4e9389973917e8ddd2d825040a03b298457d061f"
  integrity sha512-UaFeum3LUM1mB0d67jvKnqId1yWQjyqmaDV6kWngG03x+jqXb08tJdGpSoxjXZe13jFBbiBL/wKDDYIK7rCK4g==

"@sentry/node-core@10.49.0":
  version "10.49.0"
  resolved "https://registry.yarnpkg.com/@sentry/node-core/-/node-core-10.49.0.tgz#d742a7e19cac535a17d39d416587bc8c1c742622"
  integrity sha512-7WO0KuCDPSq3G54TVUSI1CKFJwB67LasG+n/gDMBqbrarzs/Yh/s34OOMU5gfVQpncxQAmQsy4nEboQms8iNqA==
  dependencies:
    "@sentry/core" "10.49.0"
    "@sentry/opentelemetry" "10.49.0"
    import-in-the-middle "^3.0.0"

"@sentry/node@*":
  version "10.49.0"
  resolved "https://registry.yarnpkg.com/@sentry/node/-/node-10.49.0.tgz#95bb3fc4b5c13c9b37d8fb3fc453a390d7de514c"
  integrity sha512-xr+HXABCiO5mgAJRQxsXRdNOLO0+Ee6CvXAAIqovL2A1GlhxNWc5ooPWeIrrLDJ/KGyT8zI91O5scpVXdXs0uQ==
  dependencies:
    "@fastify/otel" "0.18.0"
    "@opentelemetry/api" "^1.9.1"
    "@opentelemetry/core" "^2.6.1"
    "@opentelemetry/instrumentation" "^0.214.0"
    "@opentelemetry/instrumentation-amqplib" "0.61.0"
    "@opentelemetry/instrumentation-connect" "0.57.0"
    "@opentelemetry/instrumentation-dataloader" "0.31.0"
    "@opentelemetry/instrumentation-fs" "0.33.0"
    "@opentelemetry/instrumentation-generic-pool" "0.57.0"
    "@opentelemetry/instrumentation-graphql" "0.62.0"
    "@opentelemetry/instrumentation-hapi" "0.60.0"
    "@opentelemetry/instrumentation-http" "0.214.0"
    "@opentelemetry/instrumentation-ioredis" "0.62.0"
    "@opentelemetry/instrumentation-kafkajs" "0.23.0"
    "@opentelemetry/instrumentation-knex" "0.58.0"
    "@opentelemetry/instrumentation-koa" "0.62.0"
    "@opentelemetry/instrumentation-lru-memoizer" "0.58.0"
    "@opentelemetry/instrumentation-mongodb" "0.67.0"
    "@opentelemetry/instrumentation-mongoose" "0.60.0"
    "@opentelemetry/instrumentation-mysql" "0.60.0"
    "@opentelemetry/instrumentation-mysql2" "0.60.0"
    "@opentelemetry/instrumentation-pg" "0.66.0"
    "@opentelemetry/instrumentation-redis" "0.62.0"
    "@opentelemetry/instrumentation-tedious" "0.33.0"
    "@opentelemetry/instrumentation-undici" "0.24.0"
    "@opentelemetry/sdk-trace-base" "^2.6.1"
    "@opentelemetry/semantic-conventions" "^1.40.0"
    "@prisma/instrumentation" "7.6.0"
    "@sentry/core" "10.49.0"
    "@sentry/node-core" "10.49.0"
    "@sentry/opentelemetry" "10.49.0"
    import-in-the-middle "^3.0.0"

"@sentry/opentelemetry@10.49.0":
  version "10.49.0"
  resolved "https://registry.yarnpkg.com/@sentry/opentelemetry/-/opentelemetry-10.49.0.tgz#f38fbe6baf7d56aa0431047463cd309bd782484e"
  integrity sha512-XNLm4dXmtegXQf+EEE2Cs84Ymlo/f5wMx+lg2S2XS4qLbXaPN/HttjhwKftd8D+8iUNfmH+xNMCSshx4s1B/1w==
  dependencies:
    "@sentry/core" "10.49.0"

"@types/connect@3.4.38":
  version "3.4.38"
  resolved "https://registry.yarnpkg.com/@types/connect/-/connect-3.4.38.tgz#5ba7f3bc4fbbdeaff8dded952e5ff2cc53f8d858"
  integrity sha512-K6uROf1LD88uDQqJCktA4yzL1YYAK6NgfsI0v/mTgyPKWsX1CnJ0XPSDhViejru1GcRkLWb8RlzFYJRqGUbaug==
  dependencies:
    "@types/node" "*"

"@types/mysql@2.15.27":
  version "2.15.27"
  resolved "https://registry.yarnpkg.com/@types/mysql/-/mysql-2.15.27.tgz#fb13b0e8614d39d42f40f381217ec3215915f1e9"
  integrity sha512-YfWiV16IY0OeBfBCk8+hXKmdTKrKlwKN1MNKAPBu5JYxLwBEZl7QzeEpGnlZb3VMGJrrGmB84gXiH+ofs/TezA==
  dependencies:
    "@types/node" "*"

"@types/node@*":
  version "25.6.0"
  resolved "https://registry.yarnpkg.com/@types/node/-/node-25.6.0.tgz#4e09bad9b469871f2d0f68140198cbd714f4edca"
  integrity sha512-+qIYRKdNYJwY3vRCZMdJbPLJAtGjQBudzZzdzwQYkEPQd+PJGixUL5QfvCLDaULoLv+RhT3LDkwEfKaAkgSmNQ==
  dependencies:
    undici-types "~7.19.0"

"@types/pg-pool@2.0.7":
  version "2.0.7"
  resolved "https://registry.yarnpkg.com/@types/pg-pool/-/pg-pool-2.0.7.tgz#c17945a74472d9a3beaf8e66d5aa6fc938328734"
  integrity sha512-U4CwmGVQcbEuqpyju8/ptOKg6gEC+Tqsvj2xS9o1g71bUh8twxnC6ZL5rZKCsGN0iyH0CwgUyc9VR5owNQF9Ng==
  dependencies:
    "@types/pg" "*"

"@types/pg@*":
  version "8.20.0"
  resolved "https://registry.yarnpkg.com/@types/pg/-/pg-8.20.0.tgz#8bd03d3ac6b19143a8de7d66a9d13da32cd91526"
  integrity sha512-bEPFOaMAHTEP1EzpvHTbmwR8UsFyHSKsRisLIHVMXnpNefSbGA1bD6CVy+qKjGSqmZqNqBDV2azOBo8TgkcVow==
  dependencies:
    "@types/node" "*"
    pg-protocol "*"
    pg-types "^2.2.0"

"@types/pg@8.15.6":
  version "8.15.6"
  resolved "https://registry.yarnpkg.com/@types/pg/-/pg-8.15.6.tgz#4df7590b9ac557cbe5479e0074ec1540cbddad9b"
  integrity sha512-NoaMtzhxOrubeL/7UZuNTrejB4MPAJ0RpxZqXQf2qXuVlTPuG6Y8p4u9dKRaue4yjmC7ZhzVO2/Yyyn25znrPQ==
  dependencies:
    "@types/node" "*"
    pg-protocol "*"
    pg-types "^2.2.0"

"@types/tedious@^4.0.14":
  version "4.0.14"
  resolved "https://registry.yarnpkg.com/@types/tedious/-/tedious-4.0.14.tgz#868118e7a67808258c05158e9cad89ca58a2aec1"
  integrity sha512-KHPsfX/FoVbUGbyYvk1q9MMQHLPeRZhRJZdO45Q4YjvFkv4hMNghCWTvy7rdKessBsmtz4euWCWAB6/tVpI1Iw==
  dependencies:
    "@types/node" "*"

acorn-import-attributes@^1.9.5:
  version "1.9.5"
  resolved "https://registry.yarnpkg.com/acorn-import-attributes/-/acorn-import-attributes-1.9.5.tgz#7eb1557b1ba05ef18b5ed0ec67591bfab04688ef"
  integrity sha512-n02Vykv5uA3eHGM/Z2dQrcD56kL8TyDb2p1+0P83PClMnC/nc+anbQRhIOWnSq4Ke/KvDPrY3C9hDtC/A3eHnQ==

acorn@^8.15.0:
  version "8.16.0"
  resolved "https://registry.yarnpkg.com/acorn/-/acorn-8.16.0.tgz#4ce79c89be40afe7afe8f3adb902a1f1ce9ac08a"
  integrity sha512-UVJyE9MttOsBQIDKw1skb9nAwQuR5wuGD3+82K6JgJlm/Y+KI92oNsMNGZCYdDsVtRHSak0pcV5Dno5+4jh9sw==

balanced-match@^4.0.2:
  version "4.0.4"
  resolved "https://registry.yarnpkg.com/balanced-match/-/balanced-match-4.0.4.tgz#bfb10662feed8196a2c62e7c68e17720c274179a"
  integrity sha512-BLrgEcRTwX2o6gGxGOCNyMvGSp35YofuYzw9h1IMTRmKqttAZZVU67bdb9Pr2vUHA8+j3i2tJfjO6C6+4myGTA==

brace-expansion@^5.0.5:
  version "5.0.5"
  resolved "https://registry.yarnpkg.com/brace-expansion/-/brace-expansion-5.0.5.tgz#dcc3a37116b79f3e1b46db994ced5d570e930fdb"
  integrity sha512-VZznLgtwhn+Mact9tfiwx64fA9erHH/MCXEUfB/0bX/6Fz6ny5EGTXYltMocqg4xFAQZtnO3DHWWXi8RiuN7cQ==
  dependencies:
    balanced-match "^4.0.2"

cjs-module-lexer@^2.2.0:
  version "2.2.0"
  resolved "https://registry.yarnpkg.com/cjs-module-lexer/-/cjs-module-lexer-2.2.0.tgz#b3ca5101843389259ade7d88c77bd06ce55849ca"
  integrity sha512-4bHTS2YuzUvtoLjdy+98ykbNB5jS0+07EvFNXerqZQJ89F7DI6ET7OQo/HJuW6K0aVsKA9hj9/RVb2kQVOrPDQ==

debug@^4.3.5:
  version "4.4.3"
  resolved "https://registry.yarnpkg.com/debug/-/debug-4.4.3.tgz#c6ae432d9bd9662582fce08709b038c58e9e3d6a"
  integrity sha512-RGwwWnwQvkVfavKVt22FGLw+xYSdzARwm0ru6DhTVA3umU5hZc28V3kO4stgYryrTlLpuvgI9GiijltAjNbcqA==
  dependencies:
    ms "^2.1.3"

forwarded-parse@2.1.2:
  version "2.1.2"
  resolved "https://registry.yarnpkg.com/forwarded-parse/-/forwarded-parse-2.1.2.tgz#08511eddaaa2ddfd56ba11138eee7df117a09325"
  integrity sha512-alTFZZQDKMporBH77856pXgzhEzaUVmLCDk+egLgIgHst3Tpndzz8MnKe+GzRJRfvVdn69HhpW7cmXzvtLvJAw==

import-in-the-middle@^2.0.0, import-in-the-middle@^2.0.6:
  version "2.0.6"
  resolved "https://registry.yarnpkg.com/import-in-the-middle/-/import-in-the-middle-2.0.6.tgz#1972337bfe020d05f6b5e020c13334567436324f"
  integrity sha512-3vZV3jX0XRFW3EJDTwzWoZa+RH1b8eTTx6YOCjglrLyPuepwoBti1k3L2dKwdCUrnVEfc5CuRuGstaC/uQJJaw==
  dependencies:
    acorn "^8.15.0"
    acorn-import-attributes "^1.9.5"
    cjs-module-lexer "^2.2.0"
    module-details-from-path "^1.0.4"

import-in-the-middle@^3.0.0:
  version "3.0.1"
  resolved "https://registry.yarnpkg.com/import-in-the-middle/-/import-in-the-middle-3.0.1.tgz#8a0a1230c9b865c0e12698171646ae1e3fff691d"
  integrity sha512-pYkiyXVL2Mf3pozdlDGV6NAObxQx13Ae8knZk1UJRJ6uRW/ZRmTGHlQYtrsSl7ubuE5F8CD1z+s1n4RHNuTtuA==
  dependencies:
    acorn "^8.15.0"
    acorn-import-attributes "^1.9.5"
    cjs-module-lexer "^2.2.0"
    module-details-from-path "^1.0.4"

minimatch@^10.2.4:
  version "10.2.5"
  resolved "https://registry.yarnpkg.com/minimatch/-/minimatch-10.2.5.tgz#bd48687a0be38ed2961399105600f832095861d1"
  integrity sha512-MULkVLfKGYDFYejP07QOurDLLQpcjk7Fw+7jXS2R2czRQzR56yHRveU5NDJEOviH+hETZKSkIk5c+T23GjFUMg==
  dependencies:
    brace-expansion "^5.0.5"

module-details-from-path@^1.0.3, module-details-from-path@^1.0.4:
  version "1.0.4"
  resolved "https://registry.yarnpkg.com/module-details-from-path/-/module-details-from-path-1.0.4.tgz#b662fdcd93f6c83d3f25289da0ce81c8d9685b94"
  integrity sha512-EGWKgxALGMgzvxYF1UyGTy0HXX/2vHLkw6+NvDKW2jypWbHpjQuj4UMcqQWXHERJhVGKikolT06G3bcKe4fi7w==

ms@^2.1.3:
  version "2.1.3"
  resolved "https://registry.yarnpkg.com/ms/-/ms-2.1.3.tgz#574c8138ce1d2b5861f0b44579dbadd60c6615b2"
  integrity sha512-6FlzubTLZG3J2a/NVCAleEhjzq5oxgHyaCU9yYXvcLsvoVaHJq/s5xXI6/XXP6tz7R9xAOtHnSO/tXtF3WRTlA==

pg-int8@1.0.1:
  version "1.0.1"
  resolved "https://registry.yarnpkg.com/pg-int8/-/pg-int8-1.0.1.tgz#943bd463bf5b71b4170115f80f8efc9a0c0eb78c"
  integrity sha512-WCtabS6t3c8SkpDBUlb1kjOs7l66xsGdKpIPZsg4wR+B3+u9UAum2odSsF9tnvxg80h4ZxLWMy4pRjOsFIqQpw==

pg-protocol@*:
  version "1.13.0"
  resolved "https://registry.yarnpkg.com/pg-protocol/-/pg-protocol-1.13.0.tgz#fdaf6d020bca590d58bb991b4b16fc448efe0511"
  integrity sha512-zzdvXfS6v89r6v7OcFCHfHlyG/wvry1ALxZo4LqgUoy7W9xhBDMaqOuMiF3qEV45VqsN6rdlcehHrfDtlCPc8w==

pg-types@^2.2.0:
  version "2.2.0"
  resolved "https://registry.yarnpkg.com/pg-types/-/pg-types-2.2.0.tgz#2d0250d636454f7cfa3b6ae0382fdfa8063254a3"
  integrity sha512-qTAAlrEsl8s4OiEQY69wDvcMIdQN6wdz5ojQiOy6YRMuynxenON0O5oCpJI6lshc6scgAY8qvJ2On/p+CXY0GA==
  dependencies:
    pg-int8 "1.0.1"
    postgres-array "~2.0.0"
    postgres-bytea "~1.0.0"
    postgres-date "~1.0.4"
    postgres-interval "^1.1.0"

postgres-array@~2.0.0:
  version "2.0.0"
  resolved "https://registry.yarnpkg.com/postgres-array/-/postgres-array-2.0.0.tgz#48f8fce054fbc69671999329b8834b772652d82e"
  integrity sha512-VpZrUqU5A69eQyW2c5CA1jtLecCsN2U/bD6VilrFDWq5+5UIEVO7nazS3TEcHf1zuPYO/sqGvUvW62g86RXZuA==

postgres-bytea@~1.0.0:
  version "1.0.1"
  resolved "https://registry.yarnpkg.com/postgres-bytea/-/postgres-bytea-1.0.1.tgz#c40b3da0222c500ff1e51c5d7014b60b79697c7a"
  integrity sha512-5+5HqXnsZPE65IJZSMkZtURARZelel2oXUEO8rH83VS/hxH5vv1uHquPg5wZs8yMAfdv971IU+kcPUczi7NVBQ==

postgres-date@~1.0.4:
  version "1.0.7"
  resolved "https://registry.yarnpkg.com/postgres-date/-/postgres-date-1.0.7.tgz#51bc086006005e5061c591cee727f2531bf641a8"
  integrity sha512-suDmjLVQg78nMK2UZ454hAG+OAW+HQPZ6n++TNDUX+L0+uUlLywnoxJKDou51Zm+zTCjrCl0Nq6J9C5hP9vK/Q==

postgres-interval@^1.1.0:
  version "1.2.0"
  resolved "https://registry.yarnpkg.com/postgres-interval/-/postgres-interval-1.2.0.tgz#b460c82cb1587507788819a06aa0fffdb3544695"
  integrity sha512-9ZhXKM/rw350N1ovuWHbGxnGh/SNJ4cnxHiM0rxE4VN41wsg8P8zWn9hv/buK00RP4WvlOyr/RBDiptyxVbkZQ==
  dependencies:
    xtend "^4.0.0"

require-in-the-middle@^8.0.0:
  version "8.0.1"
  resolved "https://registry.yarnpkg.com/require-in-the-middle/-/require-in-the-middle-8.0.1.tgz#dbde2587f669398626d56b20c868ab87bf01cce4"
  integrity sha512-QT7FVMXfWOYFbeRBF6nu+I6tr2Tf3u0q8RIEjNob/heKY/nh7drD/k7eeMFmSQgnTtCzLDcCu/XEnpW2wk4xCQ==
  dependencies:
    debug "^4.3.5"
    module-details-from-path "^1.0.3"

undici-types@~7.19.0:
  version "7.19.2"
  resolved "https://registry.yarnpkg.com/undici-types/-/undici-types-7.19.2.tgz#1b67fc26d0f157a0cba3a58a5b5c1e2276b8ba2a"
  integrity sha512-qYVnV5OEm2AW8cJMCpdV20CDyaN3g0AjDlOGf1OW4iaDEx8MwdtChUp4zu4H0VP3nDRF/8RKWH+IPp9uW0YGZg==

xtend@^4.0.0:
  version "4.0.2"
  resolved "https://registry.yarnpkg.com/xtend/-/xtend-4.0.2.tgz#bb72779f5fa465186b1f438f674fa347fdb5db54"
  integrity sha512-LKYU1iAXJXUgAXn9URjiu+MWhyUXHsvfp7mcuYm9dSUKK0/CjtrUwFAxD82/mCWbtLsGjFIad0wIsod4zrTAEQ==
